
Microsoft Visual Studio Solution File, Format Version 12.00
# Visual Studio Version 16
VisualStudioVersion = 16.0.32802.440
MinimumVisualStudioVersion = 10.0.40219.1
Project("{FAE04EC0-301F-11D3-BF4B-00C04F79EFBC}") = "WindowsFormsApp1", "WindowsFormsApp1\WindowsFormsApp1.csproj", "{6EB893C9-1CD0-4919-90BA-BE8D05ED4992}"
EndProject
Global
	GlobalSection(SolutionConfigurationPlatforms) = preSolution
		Debug|Any CPU = Debug|Any CPU
		Release|Any CPU = Release|Any CPU
	EndGlobalSection
	GlobalSection(ProjectConfigurationPlatforms) = postSolution
		{6EB893C9-1CD0-4919-90BA-BE8D05ED4992}.Debug|Any CPU.ActiveCfg = Debug|Any CPU
		{6EB893C9-1CD0-4919-90BA-BE8D05ED4992}.Debug|Any CPU.Build.0 = Debug|Any CPU
		{6EB893C9-1CD0-4919-90BA-BE8D05ED4992}.Release|Any CPU.ActiveCfg = Release|Any CPU
		{6EB893C9-1CD0-4919-90BA-BE8D05ED4992}.Release|Any CPU.Build.0 = Release|Any CPU
	EndGlobalSection
	GlobalSection(SolutionProperties) = preSolution
		HideSolutionNode = FALSE
	EndGlobalSection
	GlobalSection(ExtensibilityGlobals) = postSolution
		SolutionGuid = {B3D86B33-6493-4B67-905E-DAA7767EF851}
	EndGlobalSection
EndGlobal
